
Microsoft Visual Studio Solution File, Format Version 12.00
# Visual Studio Version 16
VisualStudioVersion = 16.0.31105.61
MinimumVisualStudioVersion = 10.0.40219.1
Project("{FAE04EC0-301F-11D3-BF4B-00C04F79EFBC}") = "SimpleBrokeredMessaging.Sender", "SimpleBrokeredMessaging.Sender\SimpleBrokeredMessaging.Sender.csproj", "{2F10804D-F889-49AE-8E1E-BFAF544B72D2}"
EndProject
Project("{FAE04EC0-301F-11D3-BF4B-00C04F79EFBC}") = "SimpleBrokerMessage.Receiver", "SimpleBrokerMessage.Receiver\SimpleBrokerMessage.Receiver.csproj", "{B3D16777-04E3-4055-8BBD-69DA34C395C5}"
EndProject
Project("{FAE04EC0-301F-11D3-BF4B-00C04F79EFBC}") = "SimpleBrokeredMessaging.Chat", "SimpleBrokeredMessaging.Chat\SimpleBrokeredMessaging.Chat.csproj", "{78412D13-2DFA-4253-9CDE-9BEEBC5B3BF9}"
EndProject
Global
	GlobalSection(SolutionConfigurationPlatforms) = preSolution
		Debug|Any CPU = Debug|Any CPU
		Release|Any CPU = Release|Any CPU
	EndGlobalSection
	GlobalSection(ProjectConfigurationPlatforms) = postSolution
		{2F10804D-F889-49AE-8E1E-BFAF544B72D2}.Debug|Any CPU.ActiveCfg = Debug|Any CPU
		{2F10804D-F889-49AE-8E1E-BFAF544B72D2}.Debug|Any CPU.Build.0 = Debug|Any CPU
		{2F10804D-F889-49AE-8E1E-BFAF544B72D2}.Release|Any CPU.ActiveCfg = Release|Any CPU
		{2F10804D-F889-49AE-8E1E-BFAF544B72D2}.Release|Any CPU.Build.0 = Release|Any CPU
		{B3D16777-04E3-4055-8BBD-69DA34C395C5}.Debug|Any CPU.ActiveCfg = Debug|Any CPU
		{B3D16777-04E3-4055-8BBD-69DA34C395C5}.Debug|Any CPU.Build.0 = Debug|Any CPU
		{B3D16777-04E3-4055-8BBD-69DA34C395C5}.Release|Any CPU.ActiveCfg = Release|Any CPU
		{B3D16777-04E3-4055-8BBD-69DA34C395C5}.Release|Any CPU.Build.0 = Release|Any CPU
		{78412D13-2DFA-4253-9CDE-9BEEBC5B3BF9}.Debug|Any CPU.ActiveCfg = Debug|Any CPU
		{78412D13-2DFA-4253-9CDE-9BEEBC5B3BF9}.Debug|Any CPU.Build.0 = Debug|Any CPU
		{78412D13-2DFA-4253-9CDE-9BEEBC5B3BF9}.Release|Any CPU.ActiveCfg = Release|Any CPU
		{78412D13-2DFA-4253-9CDE-9BEEBC5B3BF9}.Release|Any CPU.Build.0 = Release|Any CPU
	EndGlobalSection
	GlobalSection(SolutionProperties) = preSolution
		HideSolutionNode = FALSE
	EndGlobalSection
	GlobalSection(ExtensibilityGlobals) = postSolution
		SolutionGuid = {0D2559F8-1EF3-463F-811F-DDCA41538230}
	EndGlobalSection
EndGlobal
